// !$*UTF8*$!
{
	archiveVersion = 1;
	classes = {
	};
	objectVersion = 50;
	objects = {

/* Begin PBXBuildFile section */
		B8A549912395FF6600C828D7 /* AppDelegate.m in Sources */ = {isa = PBXBuildFile; fileRef = B8A549902395FF6600C828D7 /* AppDelegate.m */; };
		B8A549942395FF6600C828D7 /* SceneDelegate.m in Sources */ = {isa = PBXBuildFile; fileRef = B8A549932395FF6600C828D7 /* SceneDelegate.m */; };
		B8A549972395FF6600C828D7 /* ViewController.m in Sources */ = {isa = PBXBuildFile; fileRef = B8A549962395FF6600C828D7 /* ViewController.m */; };
		B8A5499A2395FF6600C828D7 /* Main.storyboard in Resources */ = {isa = PBXBuildFile; fileRef = B8A549982395FF6600C828D7 /* Main.storyboard */; };
		B8A5499C2395FF6A00C828D7 /* Assets.xcassets in Resources */ = {isa = PBXBuildFile; fileRef = B8A5499B2395FF6A00C828D7 /* Assets.xcassets */; };
		B8A5499F2395FF6A00C828D7 /* LaunchScreen.storyboard in Resources */ = {isa = PBXBuildFile; fileRef = B8A5499D2395FF6A00C828D7 /* LaunchScreen.storyboard */; };
		B8A549A22395FF6A00C828D7 /* main.m in Sources */ = {isa = PBXBuildFile; fileRef = B8A549A12395FF6A00C828D7 /* main.m */; };
		B8A549AD2396061400C828D7 /* TimerViewController.m in Sources */ = {isa = PBXBuildFile; fileRef = B8A549AC2396061400C828D7 /* TimerViewController.m */; };
		B8A549B02396086A00C828D7 /* WOTProxy.m in Sources */ = {isa = PBXBuildFile; fileRef = B8A549AF2396086A00C828D7 /* WOTProxy.m */; };
		B8A549B3239608C500C828D7 /* NSTimer+WOTTimerBlocksSupport.m in Sources */ = {isa = PBXBuildFile; fileRef = B8A549B2239608C500C828D7 /* NSTimer+WOTTimerBlocksSupport.m */; };
/* End PBXBuildFile section */

/* Begin PBXFileReference section */
		B8A5498C2395FF6600C828D7 /* WatchOutTimer.app */ = {isa = PBXFileReference; explicitFileType = wrapper.application; includeInIndex = 0; path = WatchOutTimer.app; sourceTree = BUILT_PRODUCTS_DIR; };
		B8A5498F2395FF6600C828D7 /* AppDelegate.h */ = {isa = PBXFileReference; lastKnownFileType = sourcecode.c.h; path = AppDelegate.h; sourceTree = "<group>"; };
		B8A549902395FF6600C828D7 /* AppDelegate.m */ = {isa = PBXFileReference; lastKnownFileType = sourcecode.c.objc; path = AppDelegate.m; sourceTree = "<group>"; };
		B8A549922395FF6600C828D7 /* SceneDelegate.h */ = {isa = PBXFileReference; lastKnownFileType = sourcecode.c.h; path = SceneDelegate.h; sourceTree = "<group>"; };
		B8A549932395FF6600C828D7 /* SceneDelegate.m */ = {isa = PBXFileReference; lastKnownFileType = sourcecode.c.objc; path = SceneDelegate.m; sourceTree = "<group>"; };
		B8A549952395FF6600C828D7 /* ViewController.h */ = {isa = PBXFileReference; lastKnownFileType = sourcecode.c.h; path = ViewController.h; sourceTree = "<group>"; };
		B8A549962395FF6600C828D7 /* ViewController.m */ = {isa = PBXFileReference; lastKnownFileType = sourcecode.c.objc; path = ViewController.m; sourceTree = "<group>"; };
		B8A549992395FF6600C828D7 /* Base */ = {isa = PBXFileReference; lastKnownFileType = file.storyboard; name = Base; path = Base.lproj/Main.storyboard; sourceTree = "<group>"; };
		B8A5499B2395FF6A00C828D7 /* Assets.xcassets */ = {isa = PBXFileReference; lastKnownFileType = folder.assetcatalog; path = Assets.xcassets; sourceTree = "<group>"; };
		B8A5499E2395FF6A00C828D7 /* Base */ = {isa = PBXFileReference; lastKnownFileType = file.storyboard; name = Base; path = Base.lproj/LaunchScreen.storyboard; sourceTree = "<group>"; };
		B8A549A02395FF6A00C828D7 /* Info.plist */ = {isa = PBXFileReference; lastKnownFileType = text.plist.xml; path = Info.plist; sourceTree = "<group>"; };
		B8A549A12395FF6A00C828D7 /* main.m */ = {isa = PBXFileReference; lastKnownFileType = sourcecode.c.objc; path = main.m; sourceTree = "<group>"; };
		B8A549AB2396061400C828D7 /* TimerViewController.h */ = {isa = PBXFileReference; lastKnownFileType = sourcecode.c.h; path = TimerViewController.h; sourceTree = "<group>"; };
		B8A549AC2396061400C828D7 /* TimerViewController.m */ = {isa = PBXFileReference; lastKnownFileType = sourcecode.c.objc; path = TimerViewController.m; sourceTree = "<group>"; };
		B8A549AE2396086A00C828D7 /* WOTProxy.h */ = {isa = PBXFileReference; lastKnownFileType = sourcecode.c.h; path = WOTProxy.h; sourceTree = "<group>"; };
		B8A549AF2396086A00C828D7 /* WOTProxy.m */ = {isa = PBXFileReference; lastKnownFileType = sourcecode.c.objc; path = WOTProxy.m; sourceTree = "<group>"; };
		B8A549B1239608C500C828D7 /* NSTimer+WOTTimerBlocksSupport.h */ = {isa = PBXFileReference; lastKnownFileType = sourcecode.c.h; path = "NSTimer+WOTTimerBlocksSupport.h"; sourceTree = "<group>"; };
		B8A549B2239608C500C828D7 /* NSTimer+WOTTimerBlocksSupport.m */ = {isa = PBXFileReference; lastKnownFileType = sourcecode.c.objc; path = "NSTimer+WOTTimerBlocksSupport.m"; sourceTree = "<group>"; };
/* End PBXFileReference section */

/* Begin PBXFrameworksBuildPhase section */
		B8A549892395FF6600C828D7 /* Frameworks */ = {
			isa = PBXFrameworksBuildPhase;
			buildActionMask = 2147483647;
			files = (
			);
			runOnlyForDeploymentPostprocessing = 0;
		};
/* End PBXFrameworksBuildPhase section */

/* Begin PBXGroup section */
		B8A549832395FF6600C828D7 = {
			isa = PBXGroup;
			children = (
				B8A5498E2395FF6600C828D7 /* WatchOutTimer */,
				B8A5498D2395FF6600C828D7 /* Products */,
			);
			sourceTree = "<group>";
		};
		B8A5498D2395FF6600C828D7 /* Products */ = {
			isa = PBXGroup;
			children = (
				B8A5498C2395FF6600C828D7 /* WatchOutTimer.app */,
			);
			name = Products;
			sourceTree = "<group>";
		};
		B8A5498E2395FF6600C828D7 /* WatchOutTimer */ = {
			isa = PBXGroup;
			children = (
				B8A5498F2395FF6600C828D7 /* AppDelegate.h */,
				B8A549902395FF6600C828D7 /* AppDelegate.m */,
				B8A549922395FF6600C828D7 /* SceneDelegate.h */,
				B8A549932395FF6600C828D7 /* SceneDelegate.m */,
				B8A549952395FF6600C828D7 /* ViewController.h */,
				B8A549962395FF6600C828D7 /* ViewController.m */,
				B8A549AB2396061400C828D7 /* TimerViewController.h */,
				B8A549AC2396061400C828D7 /* TimerViewController.m */,
				B8A549B1239608C500C828D7 /* NSTimer+WOTTimerBlocksSupport.h */,
				B8A549B2239608C500C828D7 /* NSTimer+WOTTimerBlocksSupport.m */,
				B8A549AE2396086A00C828D7 /* WOTProxy.h */,
				B8A549AF2396086A00C828D7 /* WOTProxy.m */,
				B8A549982395FF6600C828D7 /* Main.storyboard */,
				B8A5499B2395FF6A00C828D7 /* Assets.xcassets */,
				B8A5499D2395FF6A00C828D7 /* LaunchScreen.storyboard */,
				B8A549A02395FF6A00C828D7 /* Info.plist */,
				B8A549A12395FF6A00C828D7 /* main.m */,
			);
			path = WatchOutTimer;
			sourceTree = "<group>";
		};
/* End PBXGroup section */

/* Begin PBXNativeTarget section */
		B8A5498B2395FF6600C828D7 /* WatchOutTimer */ = {
			isa = PBXNativeTarget;
			buildConfigurationList = B8A549A52395FF6A00C828D7 /* Build configuration list for PBXNativeTarget "WatchOutTimer" */;
			buildPhases = (
				B8A549882395FF6600C828D7 /* Sources */,
				B8A549892395FF6600C828D7 /* Frameworks */,
				B8A5498A2395FF6600C828D7 /* Resources */,
			);
			buildRules = (
			);
			dependencies = (
			);
			name = WatchOutTimer;
			productName = WatchOutTimer;
			productReference = B8A5498C2395FF6600C828D7 /* WatchOutTimer.app */;
			productType = "com.apple.product-type.application";
		};
/* End PBXNativeTarget section */

/* Begin PBXProject section */
		B8A549842395FF6600C828D7 /* Project object */ = {
			isa = PBXProject;
			attributes = {
				LastUpgradeCheck = 1120;
				ORGANIZATIONNAME = wiley;
				TargetAttributes = {
					B8A5498B2395FF6600C828D7 = {
						CreatedOnToolsVersion = 11.2.1;
					};
				};
			};
			buildConfigurationList = B8A549872395FF6600C828D7 /* Build configuration list for PBXProject "WatchOutTimer" */;
			compatibilityVersion = "Xcode 9.3";
			developmentRegion = en;
			hasScannedForEncodings = 0;
			knownRegions = (
				en,
				Base,
			);
			mainGroup = B8A549832395FF6600C828D7;
			productRefGroup = B8A5498D2395FF6600C828D7 /* Products */;
			projectDirPath = "";
			projectRoot = "";
			targets = (
				B8A5498B2395FF6600C828D7 /* WatchOutTimer */,
			);
		};
/* End PBXProject section */

/* Begin PBXResourcesBuildPhase section */
		B8A5498A2395FF6600C828D7 /* Resources */ = {
			isa = PBXResourcesBuildPhase;
			buildActionMask = 2147483647;
			files = (
				B8A5499F2395FF6A00C828D7 /* LaunchScreen.storyboard in Resources */,
				B8A5499C2395FF6A00C828D7 /* Assets.xcassets in Resources */,
				B8A5499A2395FF6600C828D7 /* Main.storyboard in Resources */,
			);
			runOnlyForDeploymentPostprocessing = 0;
		};
/* End PBXResourcesBuildPhase section */

/* Begin PBXSourcesBuildPhase section */
		B8A549882395FF6600C828D7 /* Sources */ = {
			isa = PBXSourcesBuildPhase;
			buildActionMask = 2147483647;
			files = (
				B8A549AD2396061400C828D7 /* TimerViewController.m in Sources */,
				B8A549B02396086A00C828D7 /* WOTProxy.m in Sources */,
				B8A549972395FF6600C828D7 /* ViewController.m in Sources */,
				B8A549912395FF6600C828D7 /* AppDelegate.m in Sources */,
				B8A549A22395FF6A00C828D7 /* main.m in Sources */,
				B8A549B3239608C500C828D7 /* NSTimer+WOTTimerBlocksSupport.m in Sources */,
				B8A549942395FF6600C828D7 /* SceneDelegate.m in Sources */,
			);
			runOnlyForDeploymentPostprocessing = 0;
		};
/* End PBXSourcesBuildPhase section */

/* Begin PBXVariantGroup section */
		B8A549982395FF6600C828D7 /* Main.storyboard */ = {
			isa = PBXVariantGroup;
			children = (
				B8A549992395FF6600C828D7 /* Base */,
			);
			name = Main.storyboard;
			sourceTree = "<group>";
		};
		B8A5499D2395FF6A00C828D7 /* LaunchScreen.storyboard */ = {
			isa = PBXVariantGroup;
			children = (
				B8A5499E2395FF6A00C828D7 /* Base */,
			);
			name = LaunchScreen.storyboard;
			sourceTree = "<group>";
		};
/* End PBXVariantGroup section */

/* Begin XCBuildConfiguration section */
		B8A549A32395FF6A00C828D7 /* Debug */ = {
			isa = XCBuildConfiguration;
			buildSettings = {
				ALWAYS_SEARCH_USER_PATHS = NO;
				CLANG_ANALYZER_NONNULL = YES;
				CLANG_ANALYZER_NUMBER_OBJECT_CONVERSION = YES_AGGRESSIVE;
				CLANG_CXX_LANGUAGE_STANDARD = "gnu++14";
				CLANG_CXX_LIBRARY = "libc++";
				CLANG_ENABLE_MODULES = YES;
				CLANG_ENABLE_OBJC_ARC = YES;
				CLANG_ENABLE_OBJC_WEAK = YES;
				CLANG_WARN_BLOCK_CAPTURE_AUTORELEASING = YES;
				CLANG_WARN_BOOL_CONVERSION = YES;
				CLANG_WARN_COMMA = YES;
				CLANG_WARN_CONSTANT_CONVERSION = YES;
				CLANG_WARN_DEPRECATED_OBJC_IMPLEMENTATIONS = YES;
				CLANG_WARN_DIRECT_OBJC_ISA_USAGE = YES_ERROR;
				CLANG_WARN_DOCUMENTATION_COMMENTS = YES;
				CLANG_WARN_EMPTY_BODY = YES;
				CLANG_WARN_ENUM_CONVERSION = YES;
				CLANG_WARN_INFINITE_RECURSION = YES;
				CLANG_WARN_INT_CONVERSION = YES;
				CLANG_WARN_NON_LITERAL_NULL_CONVERSION = YES;
				CLANG_WARN_OBJC_IMPLICIT_RETAIN_SELF = YES;
				CLANG_WARN_OBJC_LITERAL_CONVERSION = YES;
				CLANG_WARN_OBJC_ROOT_CLASS = YES_ERROR;
				CLANG_WARN_RANGE_LOOP_ANALYSIS = YES;
				CLANG_WARN_STRICT_PROTOTYPES = YES;
				CLANG_WARN_SUSPICIOUS_MOVE = YES;
				CLANG_WARN_UNGUARDED_AVAILABILITY = YES_AGGRESSIVE;
				CLANG_WARN_UNREACHABLE_CODE = YES;
				CLANG_WARN__DUPLICATE_METHOD_MATCH = YES;
				COPY_PHASE_STRIP = NO;
				DEBUG_INFORMATION_FORMAT = dwarf;
				ENABLE_STRICT_OBJC_MSGSEND = YES;
				ENABLE_TESTABILITY = YES;
				GCC_C_LANGUAGE_STANDARD = gnu11;
				GCC_DYNAMIC_NO_PIC = NO;
				GCC_NO_COMMON_BLOCKS = YES;
				GCC_OPTIMIZATION_LEVEL = 0;
				GCC_PREPROCESSOR_DEFINITIONS = (
					"DEBUG=1",
					"$(inherited)",
				);
				GCC_WARN_64_TO_32_BIT_CONVERSION = YES;
				GCC_WARN_ABOUT_RETURN_TYPE = YES_ERROR;
				GCC_WARN_UNDECLARED_SELECTOR = YES;
				GCC_WARN_UNINITIALIZED_AUTOS = YES_AGGRESSIVE;
				GCC_WARN_UNUSED_FUNCTION = YES;
				GCC_WARN_UNUSED_VARIABLE = YES;
				IPHONEOS_DEPLOYMENT_TARGET = 13.2;
				MTL_ENABLE_DEBUG_INFO = INCLUDE_SOURCE;
				MTL_FAST_MATH = YES;
				ONLY_ACTIVE_ARCH = YES;
				SDKROOT = iphoneos;
			};
			name = Debug;
		};
		B8A549A42395FF6A00C828D7 /* Release */ = {
			isa = XCBuildConfiguration;
			buildSettings = {
				ALWAYS_SEARCH_USER_PATHS = NO;
				CLANG_ANALYZER_NONNULL = YES;
				CLANG_ANALYZER_NUMBER_OBJECT_CONVERSION = YES_AGGRESSIVE;
				CLANG_CXX_LANGUAGE_STANDARD = "gnu++14";
				CLANG_CXX_LIBRARY = "libc++";
				CLANG_ENABLE_MODULES = YES;
				CLANG_ENABLE_OBJC_ARC = YES;
				CLANG_ENABLE_OBJC_WEAK = YES;
				CLANG_WARN_BLOCK_CAPTURE_AUTORELEASING = YES;
				CLANG_WARN_BOOL_CONVERSION = YES;
				CLANG_WARN_COMMA = YES;
				CLANG_WARN_CONSTANT_CONVERSION = YES;
				CLANG_WARN_DEPRECATED_OBJC_IMPLEMENTATIONS = YES;
				CLANG_WARN_DIRECT_OBJC_ISA_USAGE = YES_ERROR;
				CLANG_WARN_DOCUMENTATION_COMMENTS = YES;
				CLANG_WARN_EMPTY_BODY = YES;
				CLANG_WARN_ENUM_CONVERSION = YES;
				CLANG_WARN_INFINITE_RECURSION = YES;
				CLANG_WARN_INT_CONVERSION = YES;
				CLANG_WARN_NON_LITERAL_NULL_CONVERSION = YES;
				CLANG_WARN_OBJC_IMPLICIT_RETAIN_SELF = YES;
				CLANG_WARN_OBJC_LITERAL_CONVERSION = YES;
				CLANG_WARN_OBJC_ROOT_CLASS = YES_ERROR;
				CLANG_WARN_RANGE_LOOP_ANALYSIS = YES;
				CLANG_WARN_STRICT_PROTOTYPES = YES;
				CLANG_WARN_SUSPICIOUS_MOVE = YES;
				CLANG_WARN_UNGUARDED_AVAILABILITY = YES_AGGRESSIVE;
				CLANG_WARN_UNREACHABLE_CODE = YES;
				CLANG_WARN__DUPLICATE_METHOD_MATCH = YES;
				COPY_PHASE_STRIP = NO;
				DEBUG_INFORMATION_FORMAT = "dwarf-with-dsym";
				ENABLE_NS_ASSERTIONS = NO;
				ENABLE_STRICT_OBJC_MSGSEND = YES;
				GCC_C_LANGUAGE_STANDARD = gnu11;
				GCC_NO_COMMON_BLOCKS = YES;
				GCC_WARN_64_TO_32_BIT_CONVERSION = YES;
				GCC_WARN_ABOUT_RETURN_TYPE = YES_ERROR;
				GCC_WARN_UNDECLARED_SELECTOR = YES;
				GCC_WARN_UNINITIALIZED_AUTOS = YES_AGGRESSIVE;
				GCC_WARN_UNUSED_FUNCTION = YES;
				GCC_WARN_UNUSED_VARIABLE = YES;
				IPHONEOS_DEPLOYMENT_TARGET = 13.2;
				MTL_ENABLE_DEBUG_INFO = NO;
				MTL_FAST_MATH = YES;
				SDKROOT = iphoneos;
				VALIDATE_PRODUCT = YES;
			};
			name = Release;
		};
		B8A549A62395FF6A00C828D7 /* Debug */ = {
			isa = XCBuildConfiguration;
			buildSettings = {
				ASSETCATALOG_COMPILER_APPICON_NAME = AppIcon;
				CODE_SIGN_STYLE = Automatic;
				DEVELOPMENT_TEAM = MUXR6G7733;
				INFOPLIST_FILE = WatchOutTimer/Info.plist;
				LD_RUNPATH_SEARCH_PATHS = (
					"$(inherited)",
					"@executable_path/Frameworks",
				);
				PRODUCT_BUNDLE_IDENTIFIER = com.skybrim.WatchOutTimer;
				PRODUCT_NAME = "$(TARGET_NAME)";
				TARGETED_DEVICE_FAMILY = "1,2";
			};
			name = Debug;
		};
		B8A549A72395FF6A00C828D7 /* Release */ = {
			isa = XCBuildConfiguration;
			buildSettings = {
				ASSETCATALOG_COMPILER_APPICON_NAME = AppIcon;
				CODE_SIGN_STYLE = Automatic;
				DEVELOPMENT_TEAM = MUXR6G7733;
				INFOPLIST_FILE = WatchOutTimer/Info.plist;
				LD_RUNPATH_SEARCH_PATHS = (
					"$(inherited)",
					"@executable_path/Frameworks",
				);
				PRODUCT_BUNDLE_IDENTIFIER = com.skybrim.WatchOutTimer;
				PRODUCT_NAME = "$(TARGET_NAME)";
				TARGETED_DEVICE_FAMILY = "1,2";
			};
			name = Release;
		};
/* End XCBuildConfiguration section */

/* Begin XCConfigurationList section */
		B8A549872395FF6600C828D7 /* Build configuration list for PBXProject "WatchOutTimer" */ = {
			isa = XCConfigurationList;
			buildConfigurations = (
				B8A549A32395FF6A00C828D7 /* Debug */,
				B8A549A42395FF6A00C828D7 /* Release */,
			);
			defaultConfigurationIsVisible = 0;
			defaultConfigurationName = Release;
		};
		B8A549A52395FF6A00C828D7 /* Build configuration list for PBXNativeTarget "WatchOutTimer" */ = {
			isa = XCConfigurationList;
			buildConfigurations = (
				B8A549A62395FF6A00C828D7 /* Debug */,
				B8A549A72395FF6A00C828D7 /* Release */,
			);
			defaultConfigurationIsVisible = 0;
			defaultConfigurationName = Release;
		};
/* End XCConfigurationList section */
	};
	rootObject = B8A549842395FF6600C828D7 /* Project object */;
}
